// !$*UTF8*$!
{
	archiveVersion = 1;
	classes = {
	};
	objectVersion = 77;
	objects = {

/* Begin PBXContainerItemProxy section */
		2AC82F8A2F7226DF00AE6F49 /* PBXContainerItemProxy */ = {
			isa = PBXContainerItemProxy;
			containerPortal = 2AC82F722F7226DE00AE6F49 /* Project object */;
			proxyType = 1;
			remoteGlobalIDString = 2AC82F792F7226DE00AE6F49;
			remoteInfo = AgentChat;
		};
		2AC82F942F7226DF00AE6F49 /* PBXContainerItemProxy */ = {
			isa = PBXContainerItemProxy;
			containerPortal = 2AC82F722F7226DE00AE6F49 /* Project object */;
			proxyType = 1;
			remoteGlobalIDString = 2AC82F792F7226DE00AE6F49;
			remoteInfo = AgentChat;
		};
		9D1111112F7226DF00AE6F49 /* PBXContainerItemProxy */ = {
			isa = PBXContainerItemProxy;
			containerPortal = 2AC82F722F7226DE00AE6F49 /* Project object */;
			proxyType = 1;
			remoteGlobalIDString = 9D1111102F7226DF00AE6F49;
			remoteInfo = AgentChatDesktop;
		};
/* End PBXContainerItemProxy section */

/* Begin PBXFileReference section */
		2AC82F7A2F7226DE00AE6F49 /* AgentChat.app */ = {isa = PBXFileReference; explicitFileType = wrapper.application; includeInIndex = 0; path = AgentChat.app; sourceTree = BUILT_PRODUCTS_DIR; };
		2AC82F892F7226DF00AE6F49 /* AgentChatTests.xctest */ = {isa = PBXFileReference; explicitFileType = wrapper.cfbundle; includeInIndex = 0; path = AgentChatTests.xctest; sourceTree = BUILT_PRODUCTS_DIR; };
		2AC82F932F7226DF00AE6F49 /* AgentChatUITests.xctest */ = {isa = PBXFileReference; explicitFileType = wrapper.cfbundle; includeInIndex = 0; path = AgentChatUITests.xctest; sourceTree = BUILT_PRODUCTS_DIR; };
		9D1111122F7226DF00AE6F49 /* AgentChatDesktop.app */ = {isa = PBXFileReference; explicitFileType = wrapper.application; includeInIndex = 0; path = AgentChatDesktop.app; sourceTree = BUILT_PRODUCTS_DIR; };
		9D1111132F7226DF00AE6F49 /* AgentChatDesktopTests.xctest */ = {isa = PBXFileReference; explicitFileType = wrapper.cfbundle; includeInIndex = 0; path = AgentChatDesktopTests.xctest; sourceTree = BUILT_PRODUCTS_DIR; };
/* End PBXFileReference section */

/* Begin PBXFileSystemSynchronizedRootGroup section */
		2AC82F7C2F7226DE00AE6F49 /* AgentChat */ = {
			isa = PBXFileSystemSynchronizedRootGroup;
			path = AgentChat;
			sourceTree = "<group>";
		};
		2AC82F8C2F7226DF00AE6F49 /* AgentChatTests */ = {
			isa = PBXFileSystemSynchronizedRootGroup;
			path = AgentChatTests;
			sourceTree = "<group>";
		};
		2AC82F962F7226DF00AE6F49 /* AgentChatUITests */ = {
			isa = PBXFileSystemSynchronizedRootGroup;
			path = AgentChatUITests;
			sourceTree = "<group>";
		};
		9D1111142F7226DF00AE6F49 /* Shared */ = {
			isa = PBXFileSystemSynchronizedRootGroup;
			path = Shared;
			sourceTree = "<group>";
		};
		9D1111152F7226DF00AE6F49 /* AgentChatDesktop */ = {
			isa = PBXFileSystemSynchronizedRootGroup;
			path = AgentChatDesktop;
			sourceTree = "<group>";
		};
		9D1111162F7226DF00AE6F49 /* AgentChatDesktopTests */ = {
			isa = PBXFileSystemSynchronizedRootGroup;
			path = AgentChatDesktopTests;
			sourceTree = "<group>";
		};
/* End PBXFileSystemSynchronizedRootGroup section */

/* Begin PBXFrameworksBuildPhase section */
		2AC82F772F7226DE00AE6F49 /* Frameworks */ = {
			isa = PBXFrameworksBuildPhase;
			buildActionMask = 2147483647;
			files = (
			);
			runOnlyForDeploymentPostprocessing = 0;
		};
		2AC82F862F7226DF00AE6F49 /* Frameworks */ = {
			isa = PBXFrameworksBuildPhase;
			buildActionMask = 2147483647;
			files = (
			);
			runOnlyForDeploymentPostprocessing = 0;
		};
		2AC82F902F7226DF00AE6F49 /* Frameworks */ = {
			isa = PBXFrameworksBuildPhase;
			buildActionMask = 2147483647;
			files = (
			);
			runOnlyForDeploymentPostprocessing = 0;
		};
		9D1111172F7226DF00AE6F49 /* Frameworks */ = {
			isa = PBXFrameworksBuildPhase;
			buildActionMask = 2147483647;
			files = (
			);
			runOnlyForDeploymentPostprocessing = 0;
		};
		9D1111182F7226DF00AE6F49 /* Frameworks */ = {
			isa = PBXFrameworksBuildPhase;
			buildActionMask = 2147483647;
			files = (
			);
			runOnlyForDeploymentPostprocessing = 0;
		};
/* End PBXFrameworksBuildPhase section */

/* Begin PBXGroup section */
		2AC82F712F7226DE00AE6F49 = {
			isa = PBXGroup;
			children = (
				2AC82F7C2F7226DE00AE6F49 /* AgentChat */,
				9D1111142F7226DF00AE6F49 /* Shared */,
				2AC82F8C2F7226DF00AE6F49 /* AgentChatTests */,
				2AC82F962F7226DF00AE6F49 /* AgentChatUITests */,
				9D1111152F7226DF00AE6F49 /* AgentChatDesktop */,
				9D1111162F7226DF00AE6F49 /* AgentChatDesktopTests */,
				2AC82F7B2F7226DE00AE6F49 /* Products */,
			);
			sourceTree = "<group>";
		};
		2AC82F7B2F7226DE00AE6F49 /* Products */ = {
			isa = PBXGroup;
			children = (
				2AC82F7A2F7226DE00AE6F49 /* AgentChat.app */,
				2AC82F892F7226DF00AE6F49 /* AgentChatTests.xctest */,
				2AC82F932F7226DF00AE6F49 /* AgentChatUITests.xctest */,
				9D1111122F7226DF00AE6F49 /* AgentChatDesktop.app */,
				9D1111132F7226DF00AE6F49 /* AgentChatDesktopTests.xctest */,
			);
			name = Products;
			sourceTree = "<group>";
		};
/* End PBXGroup section */

/* Begin PBXNativeTarget section */
		2AC82F792F7226DE00AE6F49 /* AgentChat */ = {
			isa = PBXNativeTarget;
			buildConfigurationList = 2AC82F9D2F7226DF00AE6F49 /* Build configuration list for PBXNativeTarget "AgentChat" */;
			buildPhases = (
				2AC82F762F7226DE00AE6F49 /* Sources */,
				2AC82F772F7226DE00AE6F49 /* Frameworks */,
				2AC82F782F7226DE00AE6F49 /* Resources */,
			);
			buildRules = (
			);
			dependencies = (
			);
			fileSystemSynchronizedGroups = (
				2AC82F7C2F7226DE00AE6F49 /* AgentChat */,
				9D1111142F7226DF00AE6F49 /* Shared */,
			);
			name = AgentChat;
			packageProductDependencies = (
			);
			productName = AgentChat;
			productReference = 2AC82F7A2F7226DE00AE6F49 /* AgentChat.app */;
			productType = "com.apple.product-type.application";
		};
		2AC82F882F7226DF00AE6F49 /* AgentChatTests */ = {
			isa = PBXNativeTarget;
			buildConfigurationList = 2AC82FA02F7226DF00AE6F49 /* Build configuration list for PBXNativeTarget "AgentChatTests" */;
			buildPhases = (
				2AC82F852F7226DF00AE6F49 /* Sources */,
				2AC82F862F7226DF00AE6F49 /* Frameworks */,
				2AC82F872F7226DF00AE6F49 /* Resources */,
			);
			buildRules = (
			);
			dependencies = (
				2AC82F8B2F7226DF00AE6F49 /* PBXTargetDependency */,
			);
			fileSystemSynchronizedGroups = (
				2AC82F8C2F7226DF00AE6F49 /* AgentChatTests */,
			);
			name = AgentChatTests;
			packageProductDependencies = (
			);
			productName = AgentChatTests;
			productReference = 2AC82F892F7226DF00AE6F49 /* AgentChatTests.xctest */;
			productType = "com.apple.product-type.bundle.unit-test";
		};
		2AC82F922F7226DF00AE6F49 /* AgentChatUITests */ = {
			isa = PBXNativeTarget;
			buildConfigurationList = 2AC82FA32F7226DF00AE6F49 /* Build configuration list for PBXNativeTarget "AgentChatUITests" */;
			buildPhases = (
				2AC82F8F2F7226DF00AE6F49 /* Sources */,
				2AC82F902F7226DF00AE6F49 /* Frameworks */,
				2AC82F912F7226DF00AE6F49 /* Resources */,
			);
			buildRules = (
			);
			dependencies = (
				2AC82F952F7226DF00AE6F49 /* PBXTargetDependency */,
			);
			fileSystemSynchronizedGroups = (
				2AC82F962F7226DF00AE6F49 /* AgentChatUITests */,
			);
			name = AgentChatUITests;
			packageProductDependencies = (
			);
			productName = AgentChatUITests;
			productReference = 2AC82F932F7226DF00AE6F49 /* AgentChatUITests.xctest */;
			productType = "com.apple.product-type.bundle.ui-testing";
		};
		9D1111102F7226DF00AE6F49 /* AgentChatDesktop */ = {
			isa = PBXNativeTarget;
			buildConfigurationList = 9D11111B2F7226DF00AE6F49 /* Build configuration list for PBXNativeTarget "AgentChatDesktop" */;
			buildPhases = (
				9D1111192F7226DF00AE6F49 /* Sources */,
				9D1111172F7226DF00AE6F49 /* Frameworks */,
				9D11111A2F7226DF00AE6F49 /* Resources */,
			);
			buildRules = (
			);
			dependencies = (
			);
			fileSystemSynchronizedGroups = (
				9D1111152F7226DF00AE6F49 /* AgentChatDesktop */,
				9D1111142F7226DF00AE6F49 /* Shared */,
			);
			name = AgentChatDesktop;
			packageProductDependencies = (
			);
			productName = AgentChatDesktop;
			productReference = 9D1111122F7226DF00AE6F49 /* AgentChatDesktop.app */;
			productType = "com.apple.product-type.application";
		};
		9D11111C2F7226DF00AE6F49 /* AgentChatDesktopTests */ = {
			isa = PBXNativeTarget;
			buildConfigurationList = 9D11111F2F7226DF00AE6F49 /* Build configuration list for PBXNativeTarget "AgentChatDesktopTests" */;
			buildPhases = (
				9D11111D2F7226DF00AE6F49 /* Sources */,
				9D1111182F7226DF00AE6F49 /* Frameworks */,
				9D11111E2F7226DF00AE6F49 /* Resources */,
			);
			buildRules = (
			);
			dependencies = (
				9D1111202F7226DF00AE6F49 /* PBXTargetDependency */,
			);
			fileSystemSynchronizedGroups = (
				9D1111162F7226DF00AE6F49 /* AgentChatDesktopTests */,
			);
			name = AgentChatDesktopTests;
			packageProductDependencies = (
			);
			productName = AgentChatDesktopTests;
			productReference = 9D1111132F7226DF00AE6F49 /* AgentChatDesktopTests.xctest */;
			productType = "com.apple.product-type.bundle.unit-test";
		};
/* End PBXNativeTarget section */

/* Begin PBXProject section */
		2AC82F722F7226DE00AE6F49 /* Project object */ = {
			isa = PBXProject;
			attributes = {
				BuildIndependentTargetsInParallel = 1;
				LastSwiftUpdateCheck = 2630;
				LastUpgradeCheck = 2630;
				TargetAttributes = {
					2AC82F792F7226DE00AE6F49 = {
						CreatedOnToolsVersion = 26.3;
					};
					2AC82F882F7226DF00AE6F49 = {
						CreatedOnToolsVersion = 26.3;
						TestTargetID = 2AC82F792F7226DE00AE6F49;
					};
					2AC82F922F7226DF00AE6F49 = {
						CreatedOnToolsVersion = 26.3;
						TestTargetID = 2AC82F792F7226DE00AE6F49;
					};
					9D1111102F7226DF00AE6F49 = {
						CreatedOnToolsVersion = 26.3;
					};
					9D11111C2F7226DF00AE6F49 = {
						CreatedOnToolsVersion = 26.3;
						TestTargetID = 9D1111102F7226DF00AE6F49;
					};
				};
			};
			buildConfigurationList = 2AC82F752F7226DE00AE6F49 /* Build configuration list for PBXProject "AgentChat" */;
			developmentRegion = en;
			hasScannedForEncodings = 0;
			knownRegions = (
				en,
				Base,
			);
			mainGroup = 2AC82F712F7226DE00AE6F49;
			minimizedProjectReferenceProxies = 1;
			preferredProjectObjectVersion = 77;
			productRefGroup = 2AC82F7B2F7226DE00AE6F49 /* Products */;
			projectDirPath = "";
			projectRoot = "";
			targets = (
				2AC82F792F7226DE00AE6F49 /* AgentChat */,
				2AC82F882F7226DF00AE6F49 /* AgentChatTests */,
				2AC82F922F7226DF00AE6F49 /* AgentChatUITests */,
				9D1111102F7226DF00AE6F49 /* AgentChatDesktop */,
				9D11111C2F7226DF00AE6F49 /* AgentChatDesktopTests */,
			);
		};
/* End PBXProject section */

/* Begin PBXResourcesBuildPhase section */
		2AC82F782F7226DE00AE6F49 /* Resources */ = {
			isa = PBXResourcesBuildPhase;
			buildActionMask = 2147483647;
			files = (
			);
			runOnlyForDeploymentPostprocessing = 0;
		};
		2AC82F872F7226DF00AE6F49 /* Resources */ = {
			isa = PBXResourcesBuildPhase;
			buildActionMask = 2147483647;
			files = (
			);
			runOnlyForDeploymentPostprocessing = 0;
		};
		2AC82F912F7226DF00AE6F49 /* Resources */ = {
			isa = PBXResourcesBuildPhase;
			buildActionMask = 2147483647;
			files = (
			);
			runOnlyForDeploymentPostprocessing = 0;
		};
		9D11111A2F7226DF00AE6F49 /* Resources */ = {
			isa = PBXResourcesBuildPhase;
			buildActionMask = 2147483647;
			files = (
			);
			runOnlyForDeploymentPostprocessing = 0;
		};
		9D11111E2F7226DF00AE6F49 /* Resources */ = {
			isa = PBXResourcesBuildPhase;
			buildActionMask = 2147483647;
			files = (
			);
			runOnlyForDeploymentPostprocessing = 0;
		};
/* End PBXResourcesBuildPhase section */

/* Begin PBXSourcesBuildPhase section */
		2AC82F762F7226DE00AE6F49 /* Sources */ = {
			isa = PBXSourcesBuildPhase;
			buildActionMask = 2147483647;
			files = (
			);
			runOnlyForDeploymentPostprocessing = 0;
		};
		2AC82F852F7226DF00AE6F49 /* Sources */ = {
			isa = PBXSourcesBuildPhase;
			buildActionMask = 2147483647;
			files = (
			);
			runOnlyForDeploymentPostprocessing = 0;
		};
		2AC82F8F2F7226DF00AE6F49 /* Sources */ = {
			isa = PBXSourcesBuildPhase;
			buildActionMask = 2147483647;
			files = (
			);
			runOnlyForDeploymentPostprocessing = 0;
		};
		9D1111192F7226DF00AE6F49 /* Sources */ = {
			isa = PBXSourcesBuildPhase;
			buildActionMask = 2147483647;
			files = (
			);
			runOnlyForDeploymentPostprocessing = 0;
		};
		9D11111D2F7226DF00AE6F49 /* Sources */ = {
			isa = PBXSourcesBuildPhase;
			buildActionMask = 2147483647;
			files = (
			);
			runOnlyForDeploymentPostprocessing = 0;
		};
/* End PBXSourcesBuildPhase section */

/* Begin PBXTargetDependency section */
		2AC82F8B2F7226DF00AE6F49 /* PBXTargetDependency */ = {
			isa = PBXTargetDependency;
			target = 2AC82F792F7226DE00AE6F49 /* AgentChat */;
			targetProxy = 2AC82F8A2F7226DF00AE6F49 /* PBXContainerItemProxy */;
		};
		2AC82F952F7226DF00AE6F49 /* PBXTargetDependency */ = {
			isa = PBXTargetDependency;
			target = 2AC82F792F7226DE00AE6F49 /* AgentChat */;
			targetProxy = 2AC82F942F7226DF00AE6F49 /* PBXContainerItemProxy */;
		};
		9D1111202F7226DF00AE6F49 /* PBXTargetDependency */ = {
			isa = PBXTargetDependency;
			target = 9D1111102F7226DF00AE6F49 /* AgentChatDesktop */;
			targetProxy = 9D1111112F7226DF00AE6F49 /* PBXContainerItemProxy */;
		};
/* End PBXTargetDependency section */

/* Begin XCBuildConfiguration section */
		2AC82F9B2F7226DF00AE6F49 /* Debug */ = {
			isa = XCBuildConfiguration;
			buildSettings = {
				ALWAYS_SEARCH_USER_PATHS = NO;
				ASSETCATALOG_COMPILER_GENERATE_SWIFT_ASSET_SYMBOL_EXTENSIONS = YES;
				CLANG_ANALYZER_NONNULL = YES;
				CLANG_ANALYZER_NUMBER_OBJECT_CONVERSION = YES_AGGRESSIVE;
				CLANG_CXX_LANGUAGE_STANDARD = "gnu++20";
				CLANG_ENABLE_MODULES = YES;
				CLANG_ENABLE_OBJC_ARC = YES;
				CLANG_ENABLE_OBJC_WEAK = YES;
				CLANG_WARN_BLOCK_CAPTURE_AUTORELEASING = YES;
				CLANG_WARN_BOOL_CONVERSION = YES;
				CLANG_WARN_COMMA = YES;
				CLANG_WARN_CONSTANT_CONVERSION = YES;
				CLANG_WARN_DEPRECATED_OBJC_IMPLEMENTATIONS = YES;
				CLANG_WARN_DIRECT_OBJC_ISA_USAGE = YES_ERROR;
				CLANG_WARN_DOCUMENTATION_COMMENTS = YES;
				CLANG_WARN_EMPTY_BODY = YES;
				CLANG_WARN_ENUM_CONVERSION = YES;
				CLANG_WARN_INFINITE_RECURSION = YES;
				CLANG_WARN_INT_CONVERSION = YES;
				CLANG_WARN_NON_LITERAL_NULL_CONVERSION = YES;
				CLANG_WARN_OBJC_IMPLICIT_RETAIN_SELF = YES;
				CLANG_WARN_OBJC_LITERAL_CONVERSION = YES;
				CLANG_WARN_OBJC_ROOT_CLASS = YES_ERROR;
				CLANG_WARN_QUOTED_INCLUDE_IN_FRAMEWORK_HEADER = YES;
				CLANG_WARN_RANGE_LOOP_ANALYSIS = YES;
				CLANG_WARN_STRICT_PROTOTYPES = YES;
				CLANG_WARN_SUSPICIOUS_MOVE = YES;
				CLANG_WARN_UNGUARDED_AVAILABILITY = YES_AGGRESSIVE;
				CLANG_WARN_UNREACHABLE_CODE = YES;
				CLANG_WARN__DUPLICATE_METHOD_MATCH = YES;
				COPY_PHASE_STRIP = NO;
				DEBUG_INFORMATION_FORMAT = dwarf;
				DEVELOPMENT_TEAM = 9RN3YNYN27;
				ENABLE_STRICT_OBJC_MSGSEND = YES;
				ENABLE_TESTABILITY = YES;
				ENABLE_USER_SCRIPT_SANDBOXING = YES;
				GCC_C_LANGUAGE_STANDARD = gnu17;
				GCC_DYNAMIC_NO_PIC = NO;
				GCC_NO_COMMON_BLOCKS = YES;
				GCC_OPTIMIZATION_LEVEL = 0;
				GCC_PREPROCESSOR_DEFINITIONS = (
					"DEBUG=1",
					"$(inherited)",
				);
				GCC_WARN_64_TO_32_BIT_CONVERSION = YES;
				GCC_WARN_ABOUT_RETURN_TYPE = YES_ERROR;
				GCC_WARN_UNDECLARED_SELECTOR = YES;
				GCC_WARN_UNINITIALIZED_AUTOS = YES_AGGRESSIVE;
				GCC_WARN_UNUSED_FUNCTION = YES;
				GCC_WARN_UNUSED_VARIABLE = YES;
				IPHONEOS_DEPLOYMENT_TARGET = 16.0;
				LOCALIZATION_PREFERS_STRING_CATALOGS = YES;
				MTL_ENABLE_DEBUG_INFO = INCLUDE_SOURCE;
				MTL_FAST_MATH = YES;
				ONLY_ACTIVE_ARCH = YES;
				SDKROOT = iphoneos;
				SWIFT_ACTIVE_COMPILATION_CONDITIONS = "DEBUG $(inherited)";
				SWIFT_OPTIMIZATION_LEVEL = "-Onone";
			};
			name = Debug;
		};
		2AC82F9C2F7226DF00AE6F49 /* Release */ = {
			isa = XCBuildConfiguration;
			buildSettings = {
				ALWAYS_SEARCH_USER_PATHS = NO;
				ASSETCATALOG_COMPILER_GENERATE_SWIFT_ASSET_SYMBOL_EXTENSIONS = YES;
				CLANG_ANALYZER_NONNULL = YES;
				CLANG_ANALYZER_NUMBER_OBJECT_CONVERSION = YES_AGGRESSIVE;
				CLANG_CXX_LANGUAGE_STANDARD = "gnu++20";
				CLANG_ENABLE_MODULES = YES;
				CLANG_ENABLE_OBJC_ARC = YES;
				CLANG_ENABLE_OBJC_WEAK = YES;
				CLANG_WARN_BLOCK_CAPTURE_AUTORELEASING = YES;
				CLANG_WARN_BOOL_CONVERSION = YES;
				CLANG_WARN_COMMA = YES;
				CLANG_WARN_CONSTANT_CONVERSION = YES;
				CLANG_WARN_DEPRECATED_OBJC_IMPLEMENTATIONS = YES;
				CLANG_WARN_DIRECT_OBJC_ISA_USAGE = YES_ERROR;
				CLANG_WARN_DOCUMENTATION_COMMENTS = YES;
				CLANG_WARN_EMPTY_BODY = YES;
				CLANG_WARN_ENUM_CONVERSION = YES;
				CLANG_WARN_INFINITE_RECURSION = YES;
				CLANG_WARN_INT_CONVERSION = YES;
				CLANG_WARN_NON_LITERAL_NULL_CONVERSION = YES;
				CLANG_WARN_OBJC_IMPLICIT_RETAIN_SELF = YES;
				CLANG_WARN_OBJC_LITERAL_CONVERSION = YES;
				CLANG_WARN_OBJC_ROOT_CLASS = YES_ERROR;
				CLANG_WARN_QUOTED_INCLUDE_IN_FRAMEWORK_HEADER = YES;
				CLANG_WARN_RANGE_LOOP_ANALYSIS = YES;
				CLANG_WARN_STRICT_PROTOTYPES = YES;
				CLANG_WARN_SUSPICIOUS_MOVE = YES;
				CLANG_WARN_UNGUARDED_AVAILABILITY = YES_AGGRESSIVE;
				CLANG_WARN_UNREACHABLE_CODE = YES;
				CLANG_WARN__DUPLICATE_METHOD_MATCH = YES;
				COPY_PHASE_STRIP = NO;
				DEBUG_INFORMATION_FORMAT = "dwarf-with-dsym";
				DEVELOPMENT_TEAM = 9RN3YNYN27;
				ENABLE_NS_ASSERTIONS = NO;
				ENABLE_STRICT_OBJC_MSGSEND = YES;
				ENABLE_USER_SCRIPT_SANDBOXING = YES;
				GCC_C_LANGUAGE_STANDARD = gnu17;
				GCC_NO_COMMON_BLOCKS = YES;
				GCC_WARN_64_TO_32_BIT_CONVERSION = YES;
				GCC_WARN_ABOUT_RETURN_TYPE = YES_ERROR;
				GCC_WARN_UNDECLARED_SELECTOR = YES;
				GCC_WARN_UNINITIALIZED_AUTOS = YES_AGGRESSIVE;
				GCC_WARN_UNUSED_FUNCTION = YES;
				GCC_WARN_UNUSED_VARIABLE = YES;
				IPHONEOS_DEPLOYMENT_TARGET = 16.0;
				LOCALIZATION_PREFERS_STRING_CATALOGS = YES;
				MTL_ENABLE_DEBUG_INFO = NO;
				MTL_FAST_MATH = YES;
				SDKROOT = iphoneos;
				SWIFT_COMPILATION_MODE = wholemodule;
				VALIDATE_PRODUCT = YES;
			};
			name = Release;
		};
		2AC82F9E2F7226DF00AE6F49 /* Debug */ = {
			isa = XCBuildConfiguration;
			buildSettings = {
				ASSETCATALOG_COMPILER_APPICON_NAME = AppIcon;
				ASSETCATALOG_COMPILER_GLOBAL_ACCENT_COLOR_NAME = AccentColor;
				CODE_SIGN_STYLE = Automatic;
				CURRENT_PROJECT_VERSION = 1;
				DEVELOPMENT_TEAM = 9RN3YNYN27;
				ENABLE_PREVIEWS = YES;
				GENERATE_INFOPLIST_FILE = YES;
				INFOPLIST_KEY_NSAppTransportSecurity_NSAllowsLocalNetworking = YES;
				INFOPLIST_KEY_NSCameraUsageDescription = "Scan a QR code to connect AgentChat to your daemon.";
				INFOPLIST_KEY_NSLocalNetworkUsageDescription = "AgentChat needs local network access to connect directly to the daemon running on your Mac.";
				INFOPLIST_KEY_UIApplicationSceneManifest_Generation = YES;
				INFOPLIST_KEY_UIApplicationSupportsIndirectInputEvents = YES;
				INFOPLIST_KEY_UILaunchScreen_Generation = YES;
				INFOPLIST_KEY_UISupportedInterfaceOrientations_iPad = "UIInterfaceOrientationPortrait UIInterfaceOrientationPortraitUpsideDown UIInterfaceOrientationLandscapeLeft UIInterfaceOrientationLandscapeRight";
				INFOPLIST_KEY_UISupportedInterfaceOrientations_iPhone = "UIInterfaceOrientationPortrait UIInterfaceOrientationLandscapeLeft UIInterfaceOrientationLandscapeRight";
				LD_RUNPATH_SEARCH_PATHS = (
					"$(inherited)",
					"@executable_path/Frameworks",
				);
				MARKETING_VERSION = 1.0;
				PRODUCT_BUNDLE_IDENTIFIER = dev.slowfast.AgentChat;
				PRODUCT_NAME = "$(TARGET_NAME)";
				STRING_CATALOG_GENERATE_SYMBOLS = YES;
				SWIFT_APPROACHABLE_CONCURRENCY = YES;
				SWIFT_DEFAULT_ACTOR_ISOLATION = MainActor;
				SWIFT_EMIT_LOC_STRINGS = YES;
				SWIFT_UPCOMING_FEATURE_MEMBER_IMPORT_VISIBILITY = YES;
				SWIFT_VERSION = 5.0;
				TARGETED_DEVICE_FAMILY = "1,2";
			};
			name = Debug;
		};
		2AC82F9F2F7226DF00AE6F49 /* Release */ = {
			isa = XCBuildConfiguration;
			buildSettings = {
				ASSETCATALOG_COMPILER_APPICON_NAME = AppIcon;
				ASSETCATALOG_COMPILER_GLOBAL_ACCENT_COLOR_NAME = AccentColor;
				CODE_SIGN_STYLE = Automatic;
				CURRENT_PROJECT_VERSION = 1;
				DEVELOPMENT_TEAM = 9RN3YNYN27;
				ENABLE_PREVIEWS = YES;
				GENERATE_INFOPLIST_FILE = YES;
				INFOPLIST_KEY_NSAppTransportSecurity_NSAllowsLocalNetworking = YES;
				INFOPLIST_KEY_NSCameraUsageDescription = "Scan a QR code to connect AgentChat to your daemon.";
				INFOPLIST_KEY_NSLocalNetworkUsageDescription = "AgentChat needs local network access to connect directly to the daemon running on your Mac.";
				INFOPLIST_KEY_UIApplicationSceneManifest_Generation = YES;
				INFOPLIST_KEY_UIApplicationSupportsIndirectInputEvents = YES;
				INFOPLIST_KEY_UILaunchScreen_Generation = YES;
				INFOPLIST_KEY_UISupportedInterfaceOrientations_iPad = "UIInterfaceOrientationPortrait UIInterfaceOrientationPortraitUpsideDown UIInterfaceOrientationLandscapeLeft UIInterfaceOrientationLandscapeRight";
				INFOPLIST_KEY_UISupportedInterfaceOrientations_iPhone = "UIInterfaceOrientationPortrait UIInterfaceOrientationLandscapeLeft UIInterfaceOrientationLandscapeRight";
				LD_RUNPATH_SEARCH_PATHS = (
					"$(inherited)",
					"@executable_path/Frameworks",
				);
				MARKETING_VERSION = 1.0;
				PRODUCT_BUNDLE_IDENTIFIER = dev.slowfast.AgentChat;
				PRODUCT_NAME = "$(TARGET_NAME)";
				STRING_CATALOG_GENERATE_SYMBOLS = YES;
				SWIFT_APPROACHABLE_CONCURRENCY = YES;
				SWIFT_DEFAULT_ACTOR_ISOLATION = MainActor;
				SWIFT_EMIT_LOC_STRINGS = YES;
				SWIFT_UPCOMING_FEATURE_MEMBER_IMPORT_VISIBILITY = YES;
				SWIFT_VERSION = 5.0;
				TARGETED_DEVICE_FAMILY = "1,2";
			};
			name = Release;
		};
		2AC82FA12F7226DF00AE6F49 /* Debug */ = {
			isa = XCBuildConfiguration;
			buildSettings = {
				BUNDLE_LOADER = "$(TEST_HOST)";
				CODE_SIGN_STYLE = Automatic;
				CURRENT_PROJECT_VERSION = 1;
				DEVELOPMENT_TEAM = 9RN3YNYN27;
				GENERATE_INFOPLIST_FILE = YES;
				IPHONEOS_DEPLOYMENT_TARGET = 16.0;
				MARKETING_VERSION = 1.0;
				PRODUCT_BUNDLE_IDENTIFIER = dev.slowfast.AgentChatTests;
				PRODUCT_NAME = "$(TARGET_NAME)";
				STRING_CATALOG_GENERATE_SYMBOLS = NO;
				SWIFT_APPROACHABLE_CONCURRENCY = YES;
				SWIFT_EMIT_LOC_STRINGS = NO;
				SWIFT_UPCOMING_FEATURE_MEMBER_IMPORT_VISIBILITY = YES;
				SWIFT_VERSION = 5.0;
				TARGETED_DEVICE_FAMILY = "1,2";
				TEST_HOST = "$(BUILT_PRODUCTS_DIR)/AgentChat.app/$(BUNDLE_EXECUTABLE_FOLDER_PATH)/AgentChat";
			};
			name = Debug;
		};
		2AC82FA22F7226DF00AE6F49 /* Release */ = {
			isa = XCBuildConfiguration;
			buildSettings = {
				BUNDLE_LOADER = "$(TEST_HOST)";
				CODE_SIGN_STYLE = Automatic;
				CURRENT_PROJECT_VERSION = 1;
				DEVELOPMENT_TEAM = 9RN3YNYN27;
				GENERATE_INFOPLIST_FILE = YES;
				IPHONEOS_DEPLOYMENT_TARGET = 16.0;
				MARKETING_VERSION = 1.0;
				PRODUCT_BUNDLE_IDENTIFIER = dev.slowfast.AgentChatTests;
				PRODUCT_NAME = "$(TARGET_NAME)";
				STRING_CATALOG_GENERATE_SYMBOLS = NO;
				SWIFT_APPROACHABLE_CONCURRENCY = YES;
				SWIFT_EMIT_LOC_STRINGS = NO;
				SWIFT_UPCOMING_FEATURE_MEMBER_IMPORT_VISIBILITY = YES;
				SWIFT_VERSION = 5.0;
				TARGETED_DEVICE_FAMILY = "1,2";
				TEST_HOST = "$(BUILT_PRODUCTS_DIR)/AgentChat.app/$(BUNDLE_EXECUTABLE_FOLDER_PATH)/AgentChat";
			};
			name = Release;
		};
		2AC82FA42F7226DF00AE6F49 /* Debug */ = {
			isa = XCBuildConfiguration;
			buildSettings = {
				CODE_SIGN_STYLE = Automatic;
				CURRENT_PROJECT_VERSION = 1;
				DEVELOPMENT_TEAM = 9RN3YNYN27;
				GENERATE_INFOPLIST_FILE = YES;
				MARKETING_VERSION = 1.0;
				PRODUCT_BUNDLE_IDENTIFIER = dev.slowfast.AgentChatUITests;
				PRODUCT_NAME = "$(TARGET_NAME)";
				STRING_CATALOG_GENERATE_SYMBOLS = NO;
				SWIFT_APPROACHABLE_CONCURRENCY = YES;
				SWIFT_EMIT_LOC_STRINGS = NO;
				SWIFT_UPCOMING_FEATURE_MEMBER_IMPORT_VISIBILITY = YES;
				SWIFT_VERSION = 5.0;
				TARGETED_DEVICE_FAMILY = "1,2";
				TEST_TARGET_NAME = AgentChat;
			};
			name = Debug;
		};
		2AC82FA52F7226DF00AE6F49 /* Release */ = {
			isa = XCBuildConfiguration;
			buildSettings = {
				CODE_SIGN_STYLE = Automatic;
				CURRENT_PROJECT_VERSION = 1;
				DEVELOPMENT_TEAM = 9RN3YNYN27;
				GENERATE_INFOPLIST_FILE = YES;
				MARKETING_VERSION = 1.0;
				PRODUCT_BUNDLE_IDENTIFIER = dev.slowfast.AgentChatUITests;
				PRODUCT_NAME = "$(TARGET_NAME)";
				STRING_CATALOG_GENERATE_SYMBOLS = NO;
				SWIFT_APPROACHABLE_CONCURRENCY = YES;
				SWIFT_EMIT_LOC_STRINGS = NO;
				SWIFT_UPCOMING_FEATURE_MEMBER_IMPORT_VISIBILITY = YES;
				SWIFT_VERSION = 5.0;
				TARGETED_DEVICE_FAMILY = "1,2";
				TEST_TARGET_NAME = AgentChat;
			};
			name = Release;
		};
		9D1111212F7226DF00AE6F49 /* Debug */ = {
			isa = XCBuildConfiguration;
			buildSettings = {
				ASSETCATALOG_COMPILER_APPICON_NAME = AppIcon;
				ASSETCATALOG_COMPILER_GLOBAL_ACCENT_COLOR_NAME = AccentColor;
				CODE_SIGN_ENTITLEMENTS = AgentChatDesktop/AgentChatDesktop.entitlements;
				CODE_SIGN_STYLE = Automatic;
				CURRENT_PROJECT_VERSION = 1;
				DEVELOPMENT_TEAM = 9RN3YNYN27;
				ENABLE_PREVIEWS = YES;
				ENABLE_HARDENED_RUNTIME = YES;
				GENERATE_INFOPLIST_FILE = NO;
				INFOPLIST_FILE = ProjectSupport/AgentChatDesktop-Info.plist;
				LD_RUNPATH_SEARCH_PATHS = (
					"$(inherited)",
					"@executable_path/../Frameworks",
				);
				MACOSX_DEPLOYMENT_TARGET = 14.0;
				MARKETING_VERSION = 1.0;
				PRODUCT_BUNDLE_IDENTIFIER = dev.slowfast.AgentChatDesktop;
				PRODUCT_NAME = "$(TARGET_NAME)";
				SDKROOT = macosx;
				STRING_CATALOG_GENERATE_SYMBOLS = YES;
				SUPPORTED_PLATFORMS = macosx;
				SWIFT_APPROACHABLE_CONCURRENCY = YES;
				SWIFT_DEFAULT_ACTOR_ISOLATION = MainActor;
				SWIFT_EMIT_LOC_STRINGS = YES;
				SWIFT_UPCOMING_FEATURE_MEMBER_IMPORT_VISIBILITY = YES;
				SWIFT_VERSION = 5.0;
			};
			name = Debug;
		};
		9D1111222F7226DF00AE6F49 /* Release */ = {
			isa = XCBuildConfiguration;
			buildSettings = {
				ASSETCATALOG_COMPILER_APPICON_NAME = AppIcon;
				ASSETCATALOG_COMPILER_GLOBAL_ACCENT_COLOR_NAME = AccentColor;
				CODE_SIGN_ENTITLEMENTS = AgentChatDesktop/AgentChatDesktop.entitlements;
				CODE_SIGN_STYLE = Automatic;
				CURRENT_PROJECT_VERSION = 1;
				DEVELOPMENT_TEAM = 9RN3YNYN27;
				ENABLE_PREVIEWS = YES;
				ENABLE_HARDENED_RUNTIME = YES;
				GENERATE_INFOPLIST_FILE = NO;
				INFOPLIST_FILE = ProjectSupport/AgentChatDesktop-Info.plist;
				LD_RUNPATH_SEARCH_PATHS = (
					"$(inherited)",
					"@executable_path/../Frameworks",
				);
				MACOSX_DEPLOYMENT_TARGET = 14.0;
				MARKETING_VERSION = 1.0;
				PRODUCT_BUNDLE_IDENTIFIER = dev.slowfast.AgentChatDesktop;
				PRODUCT_NAME = "$(TARGET_NAME)";
				SDKROOT = macosx;
				STRING_CATALOG_GENERATE_SYMBOLS = YES;
				SUPPORTED_PLATFORMS = macosx;
				SWIFT_APPROACHABLE_CONCURRENCY = YES;
				SWIFT_DEFAULT_ACTOR_ISOLATION = MainActor;
				SWIFT_EMIT_LOC_STRINGS = YES;
				SWIFT_UPCOMING_FEATURE_MEMBER_IMPORT_VISIBILITY = YES;
				SWIFT_VERSION = 5.0;
			};
			name = Release;
		};
		9D1111232F7226DF00AE6F49 /* Debug */ = {
			isa = XCBuildConfiguration;
			buildSettings = {
				BUNDLE_LOADER = "$(TEST_HOST)";
				CODE_SIGN_STYLE = Automatic;
				CURRENT_PROJECT_VERSION = 1;
				DEVELOPMENT_TEAM = 9RN3YNYN27;
				GENERATE_INFOPLIST_FILE = YES;
				MACOSX_DEPLOYMENT_TARGET = 14.0;
				MARKETING_VERSION = 1.0;
				PRODUCT_BUNDLE_IDENTIFIER = dev.slowfast.AgentChatDesktopTests;
				PRODUCT_NAME = "$(TARGET_NAME)";
				SDKROOT = macosx;
				STRING_CATALOG_GENERATE_SYMBOLS = NO;
				SUPPORTED_PLATFORMS = macosx;
				SWIFT_APPROACHABLE_CONCURRENCY = YES;
				SWIFT_EMIT_LOC_STRINGS = NO;
				SWIFT_UPCOMING_FEATURE_MEMBER_IMPORT_VISIBILITY = YES;
				SWIFT_VERSION = 5.0;
				TEST_HOST = "$(BUILT_PRODUCTS_DIR)/AgentChatDesktop.app/Contents/MacOS/AgentChatDesktop";
			};
			name = Debug;
		};
		9D1111242F7226DF00AE6F49 /* Release */ = {
			isa = XCBuildConfiguration;
			buildSettings = {
				BUNDLE_LOADER = "$(TEST_HOST)";
				CODE_SIGN_STYLE = Automatic;
				CURRENT_PROJECT_VERSION = 1;
				DEVELOPMENT_TEAM = 9RN3YNYN27;
				GENERATE_INFOPLIST_FILE = YES;
				MACOSX_DEPLOYMENT_TARGET = 14.0;
				MARKETING_VERSION = 1.0;
				PRODUCT_BUNDLE_IDENTIFIER = dev.slowfast.AgentChatDesktopTests;
				PRODUCT_NAME = "$(TARGET_NAME)";
				SDKROOT = macosx;
				STRING_CATALOG_GENERATE_SYMBOLS = NO;
				SUPPORTED_PLATFORMS = macosx;
				SWIFT_APPROACHABLE_CONCURRENCY = YES;
				SWIFT_EMIT_LOC_STRINGS = NO;
				SWIFT_UPCOMING_FEATURE_MEMBER_IMPORT_VISIBILITY = YES;
				SWIFT_VERSION = 5.0;
				TEST_HOST = "$(BUILT_PRODUCTS_DIR)/AgentChatDesktop.app/Contents/MacOS/AgentChatDesktop";
			};
			name = Release;
		};
/* End XCBuildConfiguration section */

/* Begin XCConfigurationList section */
		2AC82F752F7226DE00AE6F49 /* Build configuration list for PBXProject "AgentChat" */ = {
			isa = XCConfigurationList;
			buildConfigurations = (
				2AC82F9B2F7226DF00AE6F49 /* Debug */,
				2AC82F9C2F7226DF00AE6F49 /* Release */,
			);
			defaultConfigurationIsVisible = 0;
			defaultConfigurationName = Release;
		};
		2AC82F9D2F7226DF00AE6F49 /* Build configuration list for PBXNativeTarget "AgentChat" */ = {
			isa = XCConfigurationList;
			buildConfigurations = (
				2AC82F9E2F7226DF00AE6F49 /* Debug */,
				2AC82F9F2F7226DF00AE6F49 /* Release */,
			);
			defaultConfigurationIsVisible = 0;
			defaultConfigurationName = Release;
		};
		2AC82FA02F7226DF00AE6F49 /* Build configuration list for PBXNativeTarget "AgentChatTests" */ = {
			isa = XCConfigurationList;
			buildConfigurations = (
				2AC82FA12F7226DF00AE6F49 /* Debug */,
				2AC82FA22F7226DF00AE6F49 /* Release */,
			);
			defaultConfigurationIsVisible = 0;
			defaultConfigurationName = Release;
		};
		2AC82FA32F7226DF00AE6F49 /* Build configuration list for PBXNativeTarget "AgentChatUITests" */ = {
			isa = XCConfigurationList;
			buildConfigurations = (
				2AC82FA42F7226DF00AE6F49 /* Debug */,
				2AC82FA52F7226DF00AE6F49 /* Release */,
			);
			defaultConfigurationIsVisible = 0;
			defaultConfigurationName = Release;
		};
		9D11111B2F7226DF00AE6F49 /* Build configuration list for PBXNativeTarget "AgentChatDesktop" */ = {
			isa = XCConfigurationList;
			buildConfigurations = (
				9D1111212F7226DF00AE6F49 /* Debug */,
				9D1111222F7226DF00AE6F49 /* Release */,
			);
			defaultConfigurationIsVisible = 0;
			defaultConfigurationName = Release;
		};
		9D11111F2F7226DF00AE6F49 /* Build configuration list for PBXNativeTarget "AgentChatDesktopTests" */ = {
			isa = XCConfigurationList;
			buildConfigurations = (
				9D1111232F7226DF00AE6F49 /* Debug */,
				9D1111242F7226DF00AE6F49 /* Release */,
			);
			defaultConfigurationIsVisible = 0;
			defaultConfigurationName = Release;
		};
/* End XCConfigurationList section */
	};
	rootObject = 2AC82F722F7226DE00AE6F49 /* Project object */;
}
